
Microsoft Visual Studio Solution File, Format Version 12.00
# Visual Studio 15
VisualStudioVersion = 15.0.27004.2006
MinimumVisualStudioVersion = 10.0.40219.1
Project("{FAE04EC0-301F-11D3-BF4B-00C04F79EFBC}") = "sample_netcore", "sample_netcore\sample_netcore.csproj", "{841BE7AE-78A9-48EA-8B30-F37F6D98F73A}"
EndProject
Project("{FAE04EC0-301F-11D3-BF4B-00C04F79EFBC}") = "sample_netcore.Models", "Models\sample_netcore.Models.csproj", "{1891D09D-CB2D-4340-BF2C-32C0480AAEBE}"
EndProject
Project("{FAE04EC0-301F-11D3-BF4B-00C04F79EFBC}") = "sample_netcore.Domain", "Domain\sample_netcore.Domain.csproj", "{405055B5-E480-449D-A31A-6400A24AEE59}"
EndProject
Project("{FAE04EC0-301F-11D3-BF4B-00C04F79EFBC}") = "sample_netcore.Models", "Entities\sample_netcore.Models.csproj", "{1891D09D-CB2D-4340-BF2C-32C0480AAEBE}"
EndProject
Project("{FAE04EC0-301F-11D3-BF4B-00C04F79EFBC}") = "sample_netcore.Domain", "Domain\sample_netcore.Domain.csproj", "{405055B5-E480-449D-A31A-6400A24AEE59}"
EndProject
Global
	GlobalSection(SolutionConfigurationPlatforms) = preSolution
		Debug|Any CPU = Debug|Any CPU
		Release|Any CPU = Release|Any CPU
	EndGlobalSection
	GlobalSection(ProjectConfigurationPlatforms) = postSolution
		{841BE7AE-78A9-48EA-8B30-F37F6D98F73A}.Debug|Any CPU.ActiveCfg = Debug|Any CPU
		{841BE7AE-78A9-48EA-8B30-F37F6D98F73A}.Debug|Any CPU.Build.0 = Debug|Any CPU
		{841BE7AE-78A9-48EA-8B30-F37F6D98F73A}.Release|Any CPU.ActiveCfg = Release|Any CPU
		{841BE7AE-78A9-48EA-8B30-F37F6D98F73A}.Release|Any CPU.Build.0 = Release|Any CPU
		{1891D09D-CB2D-4340-BF2C-32C0480AAEBE}.Debug|Any CPU.ActiveCfg = Debug|Any CPU
		{1891D09D-CB2D-4340-BF2C-32C0480AAEBE}.Debug|Any CPU.Build.0 = Debug|Any CPU
		{1891D09D-CB2D-4340-BF2C-32C0480AAEBE}.Release|Any CPU.ActiveCfg = Release|Any CPU
		{1891D09D-CB2D-4340-BF2C-32C0480AAEBE}.Release|Any CPU.Build.0 = Release|Any CPU
		{405055B5-E480-449D-A31A-6400A24AEE59}.Debug|Any CPU.ActiveCfg = Debug|Any CPU
		{405055B5-E480-449D-A31A-6400A24AEE59}.Debug|Any CPU.Build.0 = Debug|Any CPU
		{405055B5-E480-449D-A31A-6400A24AEE59}.Release|Any CPU.ActiveCfg = Release|Any CPU
		{405055B5-E480-449D-A31A-6400A24AEE59}.Release|Any CPU.Build.0 = Release|Any CPU
	EndGlobalSection
	GlobalSection(SolutionProperties) = preSolution
		HideSolutionNode = FALSE
	EndGlobalSection
	GlobalSection(ExtensibilityGlobals) = postSolution
		SolutionGuid = {BCDBEB56-45DF-4522-BDC5-EC75C6A92235}
	EndGlobalSection
EndGlobal
